
Microsoft Visual Studio Solution File, Format Version 12.00
# Visual Studio Version 17
VisualStudioVersion = 17.9.34902.65
MinimumVisualStudioVersion = 10.0.40219.1
Project("{FAE04EC0-301F-11D3-BF4B-00C04F79EFBC}") = "OOP_2", "OOP_2\OOP_2.csproj", "{059FCB96-F330-480F-8A8E-B99443E0D6CE}"
EndProject
Project("{FAE04EC0-301F-11D3-BF4B-00C04F79EFBC}") = "MatrixData", "MatrixData\MatrixData.csproj", "{AC01ACEF-4B81-4FD9-921A-20B4DD8DBC16}"
EndProject
Global
	GlobalSection(SolutionConfigurationPlatforms) = preSolution
		Debug|Any CPU = Debug|Any CPU
		Release|Any CPU = Release|Any CPU
	EndGlobalSection
	GlobalSection(ProjectConfigurationPlatforms) = postSolution
		{059FCB96-F330-480F-8A8E-B99443E0D6CE}.Debug|Any CPU.ActiveCfg = Debug|Any CPU
		{059FCB96-F330-480F-8A8E-B99443E0D6CE}.Debug|Any CPU.Build.0 = Debug|Any CPU
		{059FCB96-F330-480F-8A8E-B99443E0D6CE}.Release|Any CPU.ActiveCfg = Release|Any CPU
		{059FCB96-F330-480F-8A8E-B99443E0D6CE}.Release|Any CPU.Build.0 = Release|Any CPU
		{AC01ACEF-4B81-4FD9-921A-20B4DD8DBC16}.Debug|Any CPU.ActiveCfg = Debug|Any CPU
		{AC01ACEF-4B81-4FD9-921A-20B4DD8DBC16}.Debug|Any CPU.Build.0 = Debug|Any CPU
		{AC01ACEF-4B81-4FD9-921A-20B4DD8DBC16}.Release|Any CPU.ActiveCfg = Release|Any CPU
		{AC01ACEF-4B81-4FD9-921A-20B4DD8DBC16}.Release|Any CPU.Build.0 = Release|Any CPU
	EndGlobalSection
	GlobalSection(SolutionProperties) = preSolution
		HideSolutionNode = FALSE
	EndGlobalSection
	GlobalSection(ExtensibilityGlobals) = postSolution
		SolutionGuid = {0FD79E9B-DC56-407C-B9DC-69C33F3A37A7}
	EndGlobalSection
EndGlobal
